// !$*UTF8*$!
{
	archiveVersion = 1;
	classes = {
	};
	objectVersion = 46;
	objects = {

/* Begin PBXBuildFile section */
		6B7761421B1242CC00D24AFE /* BKDeltaCalculator.framework in Frameworks */ = {isa = PBXBuildFile; fileRef = 6B7761371B1242CB00D24AFE /* BKDeltaCalculator.framework */; };
		6B77614B1B1242CC00D24AFE /* BKDeltaCalculatorTests.m in Sources */ = {isa = PBXBuildFile; fileRef = 6B77614A1B1242CC00D24AFE /* BKDeltaCalculatorTests.m */; };
		6B77614E1B1242CC00D24AFE /* BKDeltaCalculator.framework in Frameworks */ = {isa = PBXBuildFile; fileRef = 6B7761371B1242CB00D24AFE /* BKDeltaCalculator.framework */; };
		6B77614F1B1242CC00D24AFE /* BKDeltaCalculator.framework in Embed Frameworks */ = {isa = PBXBuildFile; fileRef = 6B7761371B1242CB00D24AFE /* BKDeltaCalculator.framework */; settings = {ATTRIBUTES = (CodeSignOnCopy, RemoveHeadersOnCopy, ); }; };
		6B77615A1B12436400D24AFE /* BKDelta.m in Sources */ = {isa = PBXBuildFile; fileRef = 6BB9564519ABC52100CBD3BB /* BKDelta.m */; };
		6B77615B1B12436400D24AFE /* BKDeltaCalculator.m in Sources */ = {isa = PBXBuildFile; fileRef = 6B168AF719ABBCD20040751B /* BKDeltaCalculator.m */; };
		6B77615C1B12436E00D24AFE /* BKDelta.h in Headers */ = {isa = PBXBuildFile; fileRef = 6BB9564419ABC52100CBD3BB /* BKDelta.h */; settings = {ATTRIBUTES = (Public, ); }; };
		6B77615D1B12436E00D24AFE /* BKDelta_Internal.h in Headers */ = {isa = PBXBuildFile; fileRef = 6BB9564719ABC6AC00CBD3BB /* BKDelta_Internal.h */; };
		6B77615E1B12436E00D24AFE /* BKDeltaCalculator.h in Headers */ = {isa = PBXBuildFile; fileRef = 6BEE09ED19870A1800D73B41 /* BKDeltaCalculator.h */; settings = {ATTRIBUTES = (Public, ); }; };
		6BD118341A8DE48B0069B52B /* main.m in Sources */ = {isa = PBXBuildFile; fileRef = 6BD118331A8DE48B0069B52B /* main.m */; };
		6BD118371A8DE48B0069B52B /* AppDelegate.m in Sources */ = {isa = PBXBuildFile; fileRef = 6BD118361A8DE48B0069B52B /* AppDelegate.m */; };
		6BD1183A1A8DE48B0069B52B /* TableViewController.m in Sources */ = {isa = PBXBuildFile; fileRef = 6BD118391A8DE48B0069B52B /* TableViewController.m */; };
		6BD1183F1A8DE48B0069B52B /* Images.xcassets in Resources */ = {isa = PBXBuildFile; fileRef = 6BD1183E1A8DE48B0069B52B /* Images.xcassets */; };
		6BD118421A8DE48B0069B52B /* LaunchScreen.xib in Resources */ = {isa = PBXBuildFile; fileRef = 6BD118401A8DE48B0069B52B /* LaunchScreen.xib */; };
		6BD1184E1A8DE48B0069B52B /* BKDeltaCalculatorExampleTests.m in Sources */ = {isa = PBXBuildFile; fileRef = 6BD1184D1A8DE48B0069B52B /* BKDeltaCalculatorExampleTests.m */; };
		6BD1185F1A8DF6BD0069B52B /* CollectionViewController.m in Sources */ = {isa = PBXBuildFile; fileRef = 6BD1185E1A8DF6BD0069B52B /* CollectionViewController.m */; };
/* End PBXBuildFile section */

/* Begin PBXContainerItemProxy section */
		6B7761431B1242CC00D24AFE /* PBXContainerItemProxy */ = {
			isa = PBXContainerItemProxy;
			containerPortal = 6BEE09E219870A1800D73B41 /* Project object */;
			proxyType = 1;
			remoteGlobalIDString = 6B7761361B1242CB00D24AFE;
			remoteInfo = BKDeltaCalculator;
		};
		6B7761451B1242CC00D24AFE /* PBXContainerItemProxy */ = {
			isa = PBXContainerItemProxy;
			containerPortal = 6BEE09E219870A1800D73B41 /* Project object */;
			proxyType = 1;
			remoteGlobalIDString = 6BD1182E1A8DE48B0069B52B;
			remoteInfo = BKDeltaCalculatorExample;
		};
		6B77614C1B1242CC00D24AFE /* PBXContainerItemProxy */ = {
			isa = PBXContainerItemProxy;
			containerPortal = 6BEE09E219870A1800D73B41 /* Project object */;
			proxyType = 1;
			remoteGlobalIDString = 6B7761361B1242CB00D24AFE;
			remoteInfo = BKDeltaCalculator;
		};
		6BD118481A8DE48B0069B52B /* PBXContainerItemProxy */ = {
			isa = PBXContainerItemProxy;
			containerPortal = 6BEE09E219870A1800D73B41 /* Project object */;
			proxyType = 1;
			remoteGlobalIDString = 6BD1182E1A8DE48B0069B52B;
			remoteInfo = BKDeltaCalculatorExample;
		};
/* End PBXContainerItemProxy section */

/* Begin PBXCopyFilesBuildPhase section */
		6B7761531B1242CC00D24AFE /* Embed Frameworks */ = {
			isa = PBXCopyFilesBuildPhase;
			buildActionMask = 2147483647;
			dstPath = "";
			dstSubfolderSpec = 10;
			files = (
				6B77614F1B1242CC00D24AFE /* BKDeltaCalculator.framework in Embed Frameworks */,
			);
			name = "Embed Frameworks";
			runOnlyForDeploymentPostprocessing = 0;
		};
/* End PBXCopyFilesBuildPhase section */

/* Begin PBXFileReference section */
		6B168AF719ABBCD20040751B /* BKDeltaCalculator.m */ = {isa = PBXFileReference; fileEncoding = 4; lastKnownFileType = sourcecode.c.objc; path = BKDeltaCalculator.m; sourceTree = "<group>"; };
		6B7761371B1242CB00D24AFE /* BKDeltaCalculator.framework */ = {isa = PBXFileReference; explicitFileType = wrapper.framework; includeInIndex = 0; path = BKDeltaCalculator.framework; sourceTree = BUILT_PRODUCTS_DIR; };
		6B7761411B1242CC00D24AFE /* BKDeltaCalculatorTests.xctest */ = {isa = PBXFileReference; explicitFileType = wrapper.cfbundle; includeInIndex = 0; path = BKDeltaCalculatorTests.xctest; sourceTree = BUILT_PRODUCTS_DIR; };
		6B7761491B1242CC00D24AFE /* Info.plist */ = {isa = PBXFileReference; lastKnownFileType = text.plist.xml; path = Info.plist; sourceTree = "<group>"; };
		6B77614A1B1242CC00D24AFE /* BKDeltaCalculatorTests.m */ = {isa = PBXFileReference; lastKnownFileType = sourcecode.c.objc; path = BKDeltaCalculatorTests.m; sourceTree = "<group>"; };
		6B7761581B1242F000D24AFE /* Info.plist */ = {isa = PBXFileReference; fileEncoding = 4; lastKnownFileType = text.plist.xml; path = Info.plist; sourceTree = "<group>"; };
		6BB9564419ABC52100CBD3BB /* BKDelta.h */ = {isa = PBXFileReference; fileEncoding = 4; lastKnownFileType = sourcecode.c.h; path = BKDelta.h; sourceTree = "<group>"; };
		6BB9564519ABC52100CBD3BB /* BKDelta.m */ = {isa = PBXFileReference; fileEncoding = 4; lastKnownFileType = sourcecode.c.objc; path = BKDelta.m; sourceTree = "<group>"; };
		6BB9564719ABC6AC00CBD3BB /* BKDelta_Internal.h */ = {isa = PBXFileReference; lastKnownFileType = sourcecode.c.h; path = BKDelta_Internal.h; sourceTree = "<group>"; };
		6BD1182F1A8DE48B0069B52B /* BKDeltaCalculatorExample.app */ = {isa = PBXFileReference; explicitFileType = wrapper.application; includeInIndex = 0; path = BKDeltaCalculatorExample.app; sourceTree = BUILT_PRODUCTS_DIR; };
		6BD118321A8DE48B0069B52B /* Info.plist */ = {isa = PBXFileReference; lastKnownFileType = text.plist.xml; path = Info.plist; sourceTree = "<group>"; };
		6BD118331A8DE48B0069B52B /* main.m */ = {isa = PBXFileReference; lastKnownFileType = sourcecode.c.objc; path = main.m; sourceTree = "<group>"; };
		6BD118351A8DE48B0069B52B /* AppDelegate.h */ = {isa = PBXFileReference; lastKnownFileType = sourcecode.c.h; path = AppDelegate.h; sourceTree = "<group>"; };
		6BD118361A8DE48B0069B52B /* AppDelegate.m */ = {isa = PBXFileReference; lastKnownFileType = sourcecode.c.objc; path = AppDelegate.m; sourceTree = "<group>"; };
		6BD118381A8DE48B0069B52B /* TableViewController.h */ = {isa = PBXFileReference; lastKnownFileType = sourcecode.c.h; path = TableViewController.h; sourceTree = "<group>"; };
		6BD118391A8DE48B0069B52B /* TableViewController.m */ = {isa = PBXFileReference; lastKnownFileType = sourcecode.c.objc; path = TableViewController.m; sourceTree = "<group>"; };
		6BD1183E1A8DE48B0069B52B /* Images.xcassets */ = {isa = PBXFileReference; lastKnownFileType = folder.assetcatalog; path = Images.xcassets; sourceTree = "<group>"; };
		6BD118411A8DE48B0069B52B /* Base */ = {isa = PBXFileReference; lastKnownFileType = file.xib; name = Base; path = Base.lproj/LaunchScreen.xib; sourceTree = "<group>"; };
		6BD118471A8DE48B0069B52B /* BKDeltaCalculatorExampleTests.xctest */ = {isa = PBXFileReference; explicitFileType = wrapper.cfbundle; includeInIndex = 0; path = BKDeltaCalculatorExampleTests.xctest; sourceTree = BUILT_PRODUCTS_DIR; };
		6BD1184C1A8DE48B0069B52B /* Info.plist */ = {isa = PBXFileReference; lastKnownFileType = text.plist.xml; path = Info.plist; sourceTree = "<group>"; };
		6BD1184D1A8DE48B0069B52B /* BKDeltaCalculatorExampleTests.m */ = {isa = PBXFileReference; lastKnownFileType = sourcecode.c.objc; path = BKDeltaCalculatorExampleTests.m; sourceTree = "<group>"; };
		6BD1185D1A8DF6BD0069B52B /* CollectionViewController.h */ = {isa = PBXFileReference; fileEncoding = 4; lastKnownFileType = sourcecode.c.h; path = CollectionViewController.h; sourceTree = "<group>"; };
		6BD1185E1A8DF6BD0069B52B /* CollectionViewController.m */ = {isa = PBXFileReference; fileEncoding = 4; lastKnownFileType = sourcecode.c.objc; path = CollectionViewController.m; sourceTree = "<group>"; };
		6BEE09ED19870A1800D73B41 /* BKDeltaCalculator.h */ = {isa = PBXFileReference; lastKnownFileType = sourcecode.c.h; path = BKDeltaCalculator.h; sourceTree = "<group>"; };
/* End PBXFileReference section */

/* Begin PBXFrameworksBuildPhase section */
		6B7761331B1242CB00D24AFE /* Frameworks */ = {
			isa = PBXFrameworksBuildPhase;
			buildActionMask = 2147483647;
			files = (
			);
			runOnlyForDeploymentPostprocessing = 0;
		};
		6B77613E1B1242CC00D24AFE /* Frameworks */ = {
			isa = PBXFrameworksBuildPhase;
			buildActionMask = 2147483647;
			files = (
				6B7761421B1242CC00D24AFE /* BKDeltaCalculator.framework in Frameworks */,
			);
			runOnlyForDeploymentPostprocessing = 0;
		};
		6BD1182C1A8DE48B0069B52B /* Frameworks */ = {
			isa = PBXFrameworksBuildPhase;
			buildActionMask = 2147483647;
			files = (
				6B77614E1B1242CC00D24AFE /* BKDeltaCalculator.framework in Frameworks */,
			);
			runOnlyForDeploymentPostprocessing = 0;
		};
		6BD118441A8DE48B0069B52B /* Frameworks */ = {
			isa = PBXFrameworksBuildPhase;
			buildActionMask = 2147483647;
			files = (
			);
			runOnlyForDeploymentPostprocessing = 0;
		};
/* End PBXFrameworksBuildPhase section */

/* Begin PBXGroup section */
		6B7761471B1242CC00D24AFE /* BKDeltaCalculatorTests */ = {
			isa = PBXGroup;
			children = (
				6B7761481B1242CC00D24AFE /* Supporting Files */,
				6B77614A1B1242CC00D24AFE /* BKDeltaCalculatorTests.m */,
			);
			path = BKDeltaCalculatorTests;
			sourceTree = SOURCE_ROOT;
		};
		6B7761481B1242CC00D24AFE /* Supporting Files */ = {
			isa = PBXGroup;
			children = (
				6B7761491B1242CC00D24AFE /* Info.plist */,
			);
			name = "Supporting Files";
			sourceTree = "<group>";
		};
		6B7761571B1242E100D24AFE /* Supporting Files */ = {
			isa = PBXGroup;
			children = (
				6B7761581B1242F000D24AFE /* Info.plist */,
			);
			name = "Supporting Files";
			sourceTree = "<group>";
		};
		6BD118301A8DE48B0069B52B /* BKDeltaCalculatorExample */ = {
			isa = PBXGroup;
			children = (
				6BD118311A8DE48B0069B52B /* Supporting Files */,
				6BD118351A8DE48B0069B52B /* AppDelegate.h */,
				6BD118361A8DE48B0069B52B /* AppDelegate.m */,
				6BD1185D1A8DF6BD0069B52B /* CollectionViewController.h */,
				6BD1185E1A8DF6BD0069B52B /* CollectionViewController.m */,
				6BD1183E1A8DE48B0069B52B /* Images.xcassets */,
				6BD118401A8DE48B0069B52B /* LaunchScreen.xib */,
				6BD118381A8DE48B0069B52B /* TableViewController.h */,
				6BD118391A8DE48B0069B52B /* TableViewController.m */,
			);
			path = BKDeltaCalculatorExample;
			sourceTree = "<group>";
		};
		6BD118311A8DE48B0069B52B /* Supporting Files */ = {
			isa = PBXGroup;
			children = (
				6BD118321A8DE48B0069B52B /* Info.plist */,
				6BD118331A8DE48B0069B52B /* main.m */,
			);
			name = "Supporting Files";
			sourceTree = "<group>";
		};
		6BD1184A1A8DE48B0069B52B /* BKDeltaCalculatorExampleTests */ = {
			isa = PBXGroup;
			children = (
				6BD1184B1A8DE48B0069B52B /* Supporting Files */,
				6BD1184D1A8DE48B0069B52B /* BKDeltaCalculatorExampleTests.m */,
			);
			path = BKDeltaCalculatorExampleTests;
			sourceTree = "<group>";
		};
		6BD1184B1A8DE48B0069B52B /* Supporting Files */ = {
			isa = PBXGroup;
			children = (
				6BD1184C1A8DE48B0069B52B /* Info.plist */,
			);
			name = "Supporting Files";
			sourceTree = "<group>";
		};
		6BEE09E119870A1800D73B41 = {
			isa = PBXGroup;
			children = (
				6BEE09EC19870A1800D73B41 /* BKDeltaCalculator */,
				6BD118301A8DE48B0069B52B /* BKDeltaCalculatorExample */,
				6BD1184A1A8DE48B0069B52B /* BKDeltaCalculatorExampleTests */,
				6B7761471B1242CC00D24AFE /* BKDeltaCalculatorTests */,
				6BEE09EB19870A1800D73B41 /* Products */,
			);
			sourceTree = "<group>";
		};
		6BEE09EB19870A1800D73B41 /* Products */ = {
			isa = PBXGroup;
			children = (
				6B7761371B1242CB00D24AFE /* BKDeltaCalculator.framework */,
				6BD1182F1A8DE48B0069B52B /* BKDeltaCalculatorExample.app */,
				6BD118471A8DE48B0069B52B /* BKDeltaCalculatorExampleTests.xctest */,
				6B7761411B1242CC00D24AFE /* BKDeltaCalculatorTests.xctest */,
			);
			name = Products;
			sourceTree = "<group>";
		};
		6BEE09EC19870A1800D73B41 /* BKDeltaCalculator */ = {
			isa = PBXGroup;
			children = (
				6B7761571B1242E100D24AFE /* Supporting Files */,
				6BB9564419ABC52100CBD3BB /* BKDelta.h */,
				6BB9564519ABC52100CBD3BB /* BKDelta.m */,
				6BB9564719ABC6AC00CBD3BB /* BKDelta_Internal.h */,
				6BEE09ED19870A1800D73B41 /* BKDeltaCalculator.h */,
				6B168AF719ABBCD20040751B /* BKDeltaCalculator.m */,
			);
			path = BKDeltaCalculator;
			sourceTree = "<group>";
		};
/* End PBXGroup section */

/* Begin PBXHeadersBuildPhase section */
		6B7761341B1242CB00D24AFE /* Headers */ = {
			isa = PBXHeadersBuildPhase;
			buildActionMask = 2147483647;
			files = (
				6B77615C1B12436E00D24AFE /* BKDelta.h in Headers */,
				6B77615D1B12436E00D24AFE /* BKDelta_Internal.h in Headers */,
				6B77615E1B12436E00D24AFE /* BKDeltaCalculator.h in Headers */,
			);
			runOnlyForDeploymentPostprocessing = 0;
		};
/* End PBXHeadersBuildPhase section */

/* Begin PBXNativeTarget section */
		6B7761361B1242CB00D24AFE /* BKDeltaCalculator */ = {
			isa = PBXNativeTarget;
			buildConfigurationList = 6B7761501B1242CC00D24AFE /* Build configuration list for PBXNativeTarget "BKDeltaCalculator" */;
			buildPhases = (
				6B7761321B1242CB00D24AFE /* Sources */,
				6B7761331B1242CB00D24AFE /* Frameworks */,
				6B7761341B1242CB00D24AFE /* Headers */,
				6B7761351B1242CB00D24AFE /* Resources */,
			);
			buildRules = (
			);
			dependencies = (
			);
			name = BKDeltaCalculator;
			productName = BKDeltaCalculator;
			productReference = 6B7761371B1242CB00D24AFE /* BKDeltaCalculator.framework */;
			productType = "com.apple.product-type.framework";
		};
		6B7761401B1242CC00D24AFE /* BKDeltaCalculatorTests */ = {
			isa = PBXNativeTarget;
			buildConfigurationList = 6B7761541B1242CC00D24AFE /* Build configuration list for PBXNativeTarget "BKDeltaCalculatorTests" */;
			buildPhases = (
				6B77613D1B1242CC00D24AFE /* Sources */,
				6B77613E1B1242CC00D24AFE /* Frameworks */,
				6B77613F1B1242CC00D24AFE /* Resources */,
			);
			buildRules = (
			);
			dependencies = (
				6B7761441B1242CC00D24AFE /* PBXTargetDependency */,
				6B7761461B1242CC00D24AFE /* PBXTargetDependency */,
			);
			name = BKDeltaCalculatorTests;
			productName = BKDeltaCalculatorTests;
			productReference = 6B7761411B1242CC00D24AFE /* BKDeltaCalculatorTests.xctest */;
			productType = "com.apple.product-type.bundle.unit-test";
		};
		6BD1182E1A8DE48B0069B52B /* BKDeltaCalculatorExample */ = {
			isa = PBXNativeTarget;
			buildConfigurationList = 6BD118531A8DE48B0069B52B /* Build configuration list for PBXNativeTarget "BKDeltaCalculatorExample" */;
			buildPhases = (
				6BD1182B1A8DE48B0069B52B /* Sources */,
				6BD1182C1A8DE48B0069B52B /* Frameworks */,
				6BD1182D1A8DE48B0069B52B /* Resources */,
				6B7761531B1242CC00D24AFE /* Embed Frameworks */,
			);
			buildRules = (
			);
			dependencies = (
				6B77614D1B1242CC00D24AFE /* PBXTargetDependency */,
			);
			name = BKDeltaCalculatorExample;
			productName = BKDeltaCalculatorExample;
			productReference = 6BD1182F1A8DE48B0069B52B /* BKDeltaCalculatorExample.app */;
			productType = "com.apple.product-type.application";
		};
		6BD118461A8DE48B0069B52B /* BKDeltaCalculatorExampleTests */ = {
			isa = PBXNativeTarget;
			buildConfigurationList = 6BD118541A8DE48B0069B52B /* Build configuration list for PBXNativeTarget "BKDeltaCalculatorExampleTests" */;
			buildPhases = (
				6BD118431A8DE48B0069B52B /* Sources */,
				6BD118441A8DE48B0069B52B /* Frameworks */,
				6BD118451A8DE48B0069B52B /* Resources */,
			);
			buildRules = (
			);
			dependencies = (
				6BD118491A8DE48B0069B52B /* PBXTargetDependency */,
			);
			name = BKDeltaCalculatorExampleTests;
			productName = BKDeltaCalculatorExampleTests;
			productReference = 6BD118471A8DE48B0069B52B /* BKDeltaCalculatorExampleTests.xctest */;
			productType = "com.apple.product-type.bundle.unit-test";
		};
/* End PBXNativeTarget section */

/* Begin PBXProject section */
		6BEE09E219870A1800D73B41 /* Project object */ = {
			isa = PBXProject;
			attributes = {
				LastUpgradeCheck = 0600;
				ORGANIZATIONNAME = "650 Industries, Inc.";
				TargetAttributes = {
					6B7761361B1242CB00D24AFE = {
						CreatedOnToolsVersion = 6.3.1;
					};
					6B7761401B1242CC00D24AFE = {
						CreatedOnToolsVersion = 6.3.1;
						TestTargetID = 6BD1182E1A8DE48B0069B52B;
					};
					6BD1182E1A8DE48B0069B52B = {
						CreatedOnToolsVersion = 6.1.1;
					};
					6BD118461A8DE48B0069B52B = {
						CreatedOnToolsVersion = 6.1.1;
						TestTargetID = 6BD1182E1A8DE48B0069B52B;
					};
				};
			};
			buildConfigurationList = 6BEE09E519870A1800D73B41 /* Build configuration list for PBXProject "BKDeltaCalculator" */;
			compatibilityVersion = "Xcode 3.2";
			developmentRegion = English;
			hasScannedForEncodings = 0;
			knownRegions = (
				en,
				Base,
			);
			mainGroup = 6BEE09E119870A1800D73B41;
			productRefGroup = 6BEE09EB19870A1800D73B41 /* Products */;
			projectDirPath = "";
			projectRoot = "";
			targets = (
				6BD1182E1A8DE48B0069B52B /* BKDeltaCalculatorExample */,
				6BD118461A8DE48B0069B52B /* BKDeltaCalculatorExampleTests */,
				6B7761361B1242CB00D24AFE /* BKDeltaCalculator */,
				6B7761401B1242CC00D24AFE /* BKDeltaCalculatorTests */,
			);
		};
/* End PBXProject section */

/* Begin PBXResourcesBuildPhase section */
		6B7761351B1242CB00D24AFE /* Resources */ = {
			isa = PBXResourcesBuildPhase;
			buildActionMask = 2147483647;
			files = (
			);
			runOnlyForDeploymentPostprocessing = 0;
		};
		6B77613F1B1242CC00D24AFE /* Resources */ = {
			isa = PBXResourcesBuildPhase;
			buildActionMask = 2147483647;
			files = (
			);
			runOnlyForDeploymentPostprocessing = 0;
		};
		6BD1182D1A8DE48B0069B52B /* Resources */ = {
			isa = PBXResourcesBuildPhase;
			buildActionMask = 2147483647;
			files = (
				6BD1183F1A8DE48B0069B52B /* Images.xcassets in Resources */,
				6BD118421A8DE48B0069B52B /* LaunchScreen.xib in Resources */,
			);
			runOnlyForDeploymentPostprocessing = 0;
		};
		6BD118451A8DE48B0069B52B /* Resources */ = {
			isa = PBXResourcesBuildPhase;
			buildActionMask = 2147483647;
			files = (
			);
			runOnlyForDeploymentPostprocessing = 0;
		};
/* End PBXResourcesBuildPhase section */

/* Begin PBXSourcesBuildPhase section */
		6B7761321B1242CB00D24AFE /* Sources */ = {
			isa = PBXSourcesBuildPhase;
			buildActionMask = 2147483647;
			files = (
				6B77615A1B12436400D24AFE /* BKDelta.m in Sources */,
				6B77615B1B12436400D24AFE /* BKDeltaCalculator.m in Sources */,
			);
			runOnlyForDeploymentPostprocessing = 0;
		};
		6B77613D1B1242CC00D24AFE /* Sources */ = {
			isa = PBXSourcesBuildPhase;
			buildActionMask = 2147483647;
			files = (
				6B77614B1B1242CC00D24AFE /* BKDeltaCalculatorTests.m in Sources */,
			);
			runOnlyForDeploymentPostprocessing = 0;
		};
		6BD1182B1A8DE48B0069B52B /* Sources */ = {
			isa = PBXSourcesBuildPhase;
			buildActionMask = 2147483647;
			files = (
				6BD118371A8DE48B0069B52B /* AppDelegate.m in Sources */,
				6BD1185F1A8DF6BD0069B52B /* CollectionViewController.m in Sources */,
				6BD118341A8DE48B0069B52B /* main.m in Sources */,
				6BD1183A1A8DE48B0069B52B /* TableViewController.m in Sources */,
			);
			runOnlyForDeploymentPostprocessing = 0;
		};
		6BD118431A8DE48B0069B52B /* Sources */ = {
			isa = PBXSourcesBuildPhase;
			buildActionMask = 2147483647;
			files = (
				6BD1184E1A8DE48B0069B52B /* BKDeltaCalculatorExampleTests.m in Sources */,
			);
			runOnlyForDeploymentPostprocessing = 0;
		};
/* End PBXSourcesBuildPhase section */

/* Begin PBXTargetDependency section */
		6B7761441B1242CC00D24AFE /* PBXTargetDependency */ = {
			isa = PBXTargetDependency;
			target = 6B7761361B1242CB00D24AFE /* BKDeltaCalculator */;
			targetProxy = 6B7761431B1242CC00D24AFE /* PBXContainerItemProxy */;
		};
		6B7761461B1242CC00D24AFE /* PBXTargetDependency */ = {
			isa = PBXTargetDependency;
			target = 6BD1182E1A8DE48B0069B52B /* BKDeltaCalculatorExample */;
			targetProxy = 6B7761451B1242CC00D24AFE /* PBXContainerItemProxy */;
		};
		6B77614D1B1242CC00D24AFE /* PBXTargetDependency */ = {
			isa = PBXTargetDependency;
			target = 6B7761361B1242CB00D24AFE /* BKDeltaCalculator */;
			targetProxy = 6B77614C1B1242CC00D24AFE /* PBXContainerItemProxy */;
		};
		6BD118491A8DE48B0069B52B /* PBXTargetDependency */ = {
			isa = PBXTargetDependency;
			target = 6BD1182E1A8DE48B0069B52B /* BKDeltaCalculatorExample */;
			targetProxy = 6BD118481A8DE48B0069B52B /* PBXContainerItemProxy */;
		};
/* End PBXTargetDependency section */

/* Begin PBXVariantGroup section */
		6BD118401A8DE48B0069B52B /* LaunchScreen.xib */ = {
			isa = PBXVariantGroup;
			children = (
				6BD118411A8DE48B0069B52B /* Base */,
			);
			name = LaunchScreen.xib;
			sourceTree = "<group>";
		};
/* End PBXVariantGroup section */

/* Begin XCBuildConfiguration section */
		6B7761511B1242CC00D24AFE /* Debug */ = {
			isa = XCBuildConfiguration;
			buildSettings = {
				"CODE_SIGN_IDENTITY[sdk=iphoneos*]" = "iPhone Developer";
				CURRENT_PROJECT_VERSION = 1;
				DEBUG_INFORMATION_FORMAT = "dwarf-with-dsym";
				DEFINES_MODULE = YES;
				DYLIB_COMPATIBILITY_VERSION = 1;
				DYLIB_CURRENT_VERSION = 1;
				DYLIB_INSTALL_NAME_BASE = "@rpath";
				GCC_NO_COMMON_BLOCKS = YES;
				GCC_PREPROCESSOR_DEFINITIONS = (
					"DEBUG=1",
					"$(inherited)",
				);
				INFOPLIST_FILE = BKDeltaCalculator/Info.plist;
				INSTALL_PATH = "$(LOCAL_LIBRARY_DIR)/Frameworks";
				IPHONEOS_DEPLOYMENT_TARGET = 8.3;
				LD_RUNPATH_SEARCH_PATHS = "$(inherited) @executable_path/Frameworks @loader_path/Frameworks";
				PRODUCT_NAME = "$(TARGET_NAME)";
				SKIP_INSTALL = YES;
				TARGETED_DEVICE_FAMILY = "1,2";
				VERSIONING_SYSTEM = "apple-generic";
				VERSION_INFO_PREFIX = "";
			};
			name = Debug;
		};
		6B7761521B1242CC00D24AFE /* Release */ = {
			isa = XCBuildConfiguration;
			buildSettings = {
				"CODE_SIGN_IDENTITY[sdk=iphoneos*]" = "iPhone Developer";
				COPY_PHASE_STRIP = NO;
				CURRENT_PROJECT_VERSION = 1;
				DEBUG_INFORMATION_FORMAT = "dwarf-with-dsym";
				DEFINES_MODULE = YES;
				DYLIB_COMPATIBILITY_VERSION = 1;
				DYLIB_CURRENT_VERSION = 1;
				DYLIB_INSTALL_NAME_BASE = "@rpath";
				GCC_NO_COMMON_BLOCKS = YES;
				INFOPLIST_FILE = BKDeltaCalculator/Info.plist;
				INSTALL_PATH = "$(LOCAL_LIBRARY_DIR)/Frameworks";
				IPHONEOS_DEPLOYMENT_TARGET = 8.3;
				LD_RUNPATH_SEARCH_PATHS = "$(inherited) @executable_path/Frameworks @loader_path/Frameworks";
				PRODUCT_NAME = "$(TARGET_NAME)";
				SKIP_INSTALL = YES;
				TARGETED_DEVICE_FAMILY = "1,2";
				VERSIONING_SYSTEM = "apple-generic";
				VERSION_INFO_PREFIX = "";
			};
			name = Release;
		};
		6B7761551B1242CC00D24AFE /* Debug */ = {
			isa = XCBuildConfiguration;
			buildSettings = {
				"CODE_SIGN_IDENTITY[sdk=iphoneos*]" = "iPhone Developer";
				DEBUG_INFORMATION_FORMAT = "dwarf-with-dsym";
				FRAMEWORK_SEARCH_PATHS = (
					"$(SDKROOT)/Developer/Library/Frameworks",
					"$(inherited)",
				);
				GCC_NO_COMMON_BLOCKS = YES;
				GCC_PREPROCESSOR_DEFINITIONS = (
					"DEBUG=1",
					"$(inherited)",
				);
				INFOPLIST_FILE = BKDeltaCalculatorTests/Info.plist;
				IPHONEOS_DEPLOYMENT_TARGET = 8.3;
				LD_RUNPATH_SEARCH_PATHS = "$(inherited) @executable_path/Frameworks @loader_path/Frameworks";
				PRODUCT_NAME = "$(TARGET_NAME)";
				TEST_HOST = "$(BUILT_PRODUCTS_DIR)/BKDeltaCalculatorExample.app/BKDeltaCalculatorExample";
			};
			name = Debug;
		};
		6B7761561B1242CC00D24AFE /* Release */ = {
			isa = XCBuildConfiguration;
			buildSettings = {
				"CODE_SIGN_IDENTITY[sdk=iphoneos*]" = "iPhone Developer";
				COPY_PHASE_STRIP = NO;
				DEBUG_INFORMATION_FORMAT = "dwarf-with-dsym";
				FRAMEWORK_SEARCH_PATHS = (
					"$(SDKROOT)/Developer/Library/Frameworks",
					"$(inherited)",
				);
				GCC_NO_COMMON_BLOCKS = YES;
				INFOPLIST_FILE = BKDeltaCalculatorTests/Info.plist;
				IPHONEOS_DEPLOYMENT_TARGET = 8.3;
				LD_RUNPATH_SEARCH_PATHS = "$(inherited) @executable_path/Frameworks @loader_path/Frameworks";
				PRODUCT_NAME = "$(TARGET_NAME)";
				TEST_HOST = "$(BUILT_PRODUCTS_DIR)/BKDeltaCalculatorExample.app/BKDeltaCalculatorExample";
			};
			name = Release;
		};
		6BD1184F1A8DE48B0069B52B /* Debug */ = {
			isa = XCBuildConfiguration;
			buildSettings = {
				ASSETCATALOG_COMPILER_APPICON_NAME = AppIcon;
				"CODE_SIGN_IDENTITY[sdk=iphoneos*]" = "iPhone Developer";
				GCC_PREPROCESSOR_DEFINITIONS = (
					"DEBUG=1",
					"$(inherited)",
				);
				INFOPLIST_FILE = BKDeltaCalculatorExample/Info.plist;
				IPHONEOS_DEPLOYMENT_TARGET = 7.1;
				LD_RUNPATH_SEARCH_PATHS = "$(inherited) @executable_path/Frameworks";
				PRODUCT_NAME = "$(TARGET_NAME)";
			};
			name = Debug;
		};
		6BD118501A8DE48B0069B52B /* Release */ = {
			isa = XCBuildConfiguration;
			buildSettings = {
				ASSETCATALOG_COMPILER_APPICON_NAME = AppIcon;
				"CODE_SIGN_IDENTITY[sdk=iphoneos*]" = "iPhone Developer";
				INFOPLIST_FILE = BKDeltaCalculatorExample/Info.plist;
				IPHONEOS_DEPLOYMENT_TARGET = 7.1;
				LD_RUNPATH_SEARCH_PATHS = "$(inherited) @executable_path/Frameworks";
				PRODUCT_NAME = "$(TARGET_NAME)";
			};
			name = Release;
		};
		6BD118511A8DE48B0069B52B /* Debug */ = {
			isa = XCBuildConfiguration;
			buildSettings = {
				BUNDLE_LOADER = "$(TEST_HOST)";
				FRAMEWORK_SEARCH_PATHS = (
					"$(SDKROOT)/Developer/Library/Frameworks",
					"$(inherited)",
				);
				GCC_PREPROCESSOR_DEFINITIONS = (
					"DEBUG=1",
					"$(inherited)",
				);
				INFOPLIST_FILE = BKDeltaCalculatorExampleTests/Info.plist;
				IPHONEOS_DEPLOYMENT_TARGET = 8.1;
				LD_RUNPATH_SEARCH_PATHS = "$(inherited) @executable_path/Frameworks @loader_path/Frameworks";
				PRODUCT_NAME = "$(TARGET_NAME)";
				TEST_HOST = "$(BUILT_PRODUCTS_DIR)/BKDeltaCalculatorExample.app/BKDeltaCalculatorExample";
			};
			name = Debug;
		};
		6BD118521A8DE48B0069B52B /* Release */ = {
			isa = XCBuildConfiguration;
			buildSettings = {
				BUNDLE_LOADER = "$(TEST_HOST)";
				FRAMEWORK_SEARCH_PATHS = (
					"$(SDKROOT)/Developer/Library/Frameworks",
					"$(inherited)",
				);
				INFOPLIST_FILE = BKDeltaCalculatorExampleTests/Info.plist;
				IPHONEOS_DEPLOYMENT_TARGET = 8.1;
				LD_RUNPATH_SEARCH_PATHS = "$(inherited) @executable_path/Frameworks @loader_path/Frameworks";
				PRODUCT_NAME = "$(TARGET_NAME)";
				TEST_HOST = "$(BUILT_PRODUCTS_DIR)/BKDeltaCalculatorExample.app/BKDeltaCalculatorExample";
			};
			name = Release;
		};
		6BEE09FC19870A1900D73B41 /* Debug */ = {
			isa = XCBuildConfiguration;
			buildSettings = {
				ALWAYS_SEARCH_USER_PATHS = NO;
				CLANG_CXX_LANGUAGE_STANDARD = "gnu++0x";
				CLANG_CXX_LIBRARY = "libc++";
				CLANG_ENABLE_MODULES = YES;
				CLANG_ENABLE_OBJC_ARC = YES;
				CLANG_WARN_BOOL_CONVERSION = YES;
				CLANG_WARN_CONSTANT_CONVERSION = YES;
				CLANG_WARN_DIRECT_OBJC_ISA_USAGE = YES_ERROR;
				CLANG_WARN_EMPTY_BODY = YES;
				CLANG_WARN_ENUM_CONVERSION = YES;
				CLANG_WARN_INT_CONVERSION = YES;
				CLANG_WARN_OBJC_ROOT_CLASS = YES_ERROR;
				CLANG_WARN_UNREACHABLE_CODE = YES;
				CLANG_WARN__DUPLICATE_METHOD_MATCH = YES;
				COPY_PHASE_STRIP = NO;
				ENABLE_STRICT_OBJC_MSGSEND = YES;
				GCC_C_LANGUAGE_STANDARD = gnu99;
				GCC_DYNAMIC_NO_PIC = NO;
				GCC_OPTIMIZATION_LEVEL = 0;
				GCC_PREPROCESSOR_DEFINITIONS = (
					"DEBUG=1",
					"$(inherited)",
				);
				GCC_SYMBOLS_PRIVATE_EXTERN = NO;
				GCC_WARN_64_TO_32_BIT_CONVERSION = YES;
				GCC_WARN_ABOUT_RETURN_TYPE = YES_ERROR;
				GCC_WARN_UNDECLARED_SELECTOR = YES;
				GCC_WARN_UNINITIALIZED_AUTOS = YES_AGGRESSIVE;
				GCC_WARN_UNUSED_FUNCTION = YES;
				GCC_WARN_UNUSED_VARIABLE = YES;
				IPHONEOS_DEPLOYMENT_TARGET = 7.0;
				MTL_ENABLE_DEBUG_INFO = YES;
				ONLY_ACTIVE_ARCH = YES;
				SDKROOT = iphoneos;
			};
			name = Debug;
		};
		6BEE09FD19870A1900D73B41 /* Release */ = {
			isa = XCBuildConfiguration;
			buildSettings = {
				ALWAYS_SEARCH_USER_PATHS = NO;
				CLANG_CXX_LANGUAGE_STANDARD = "gnu++0x";
				CLANG_CXX_LIBRARY = "libc++";
				CLANG_ENABLE_MODULES = YES;
				CLANG_ENABLE_OBJC_ARC = YES;
				CLANG_WARN_BOOL_CONVERSION = YES;
				CLANG_WARN_CONSTANT_CONVERSION = YES;
				CLANG_WARN_DIRECT_OBJC_ISA_USAGE = YES_ERROR;
				CLANG_WARN_EMPTY_BODY = YES;
				CLANG_WARN_ENUM_CONVERSION = YES;
				CLANG_WARN_INT_CONVERSION = YES;
				CLANG_WARN_OBJC_ROOT_CLASS = YES_ERROR;
				CLANG_WARN_UNREACHABLE_CODE = YES;
				CLANG_WARN__DUPLICATE_METHOD_MATCH = YES;
				COPY_PHASE_STRIP = YES;
				ENABLE_NS_ASSERTIONS = NO;
				ENABLE_STRICT_OBJC_MSGSEND = YES;
				GCC_C_LANGUAGE_STANDARD = gnu99;
				GCC_WARN_64_TO_32_BIT_CONVERSION = YES;
				GCC_WARN_ABOUT_RETURN_TYPE = YES_ERROR;
				GCC_WARN_UNDECLARED_SELECTOR = YES;
				GCC_WARN_UNINITIALIZED_AUTOS = YES_AGGRESSIVE;
				GCC_WARN_UNUSED_FUNCTION = YES;
				GCC_WARN_UNUSED_VARIABLE = YES;
				IPHONEOS_DEPLOYMENT_TARGET = 7.0;
				MTL_ENABLE_DEBUG_INFO = NO;
				SDKROOT = iphoneos;
				VALIDATE_PRODUCT = YES;
			};
			name = Release;
		};
/* End XCBuildConfiguration section */

/* Begin XCConfigurationList section */
		6B7761501B1242CC00D24AFE /* Build configuration list for PBXNativeTarget "BKDeltaCalculator" */ = {
			isa = XCConfigurationList;
			buildConfigurations = (
				6B7761511B1242CC00D24AFE /* Debug */,
				6B7761521B1242CC00D24AFE /* Release */,
			);
			defaultConfigurationIsVisible = 0;
			defaultConfigurationName = Release;
		};
		6B7761541B1242CC00D24AFE /* Build configuration list for PBXNativeTarget "BKDeltaCalculatorTests" */ = {
			isa = XCConfigurationList;
			buildConfigurations = (
				6B7761551B1242CC00D24AFE /* Debug */,
				6B7761561B1242CC00D24AFE /* Release */,
			);
			defaultConfigurationIsVisible = 0;
			defaultConfigurationName = Release;
		};
		6BD118531A8DE48B0069B52B /* Build configuration list for PBXNativeTarget "BKDeltaCalculatorExample" */ = {
			isa = XCConfigurationList;
			buildConfigurations = (
				6BD1184F1A8DE48B0069B52B /* Debug */,
				6BD118501A8DE48B0069B52B /* Release */,
			);
			defaultConfigurationIsVisible = 0;
			defaultConfigurationName = Release;
		};
		6BD118541A8DE48B0069B52B /* Build configuration list for PBXNativeTarget "BKDeltaCalculatorExampleTests" */ = {
			isa = XCConfigurationList;
			buildConfigurations = (
				6BD118511A8DE48B0069B52B /* Debug */,
				6BD118521A8DE48B0069B52B /* Release */,
			);
			defaultConfigurationIsVisible = 0;
			defaultConfigurationName = Release;
		};
		6BEE09E519870A1800D73B41 /* Build configuration list for PBXProject "BKDeltaCalculator" */ = {
			isa = XCConfigurationList;
			buildConfigurations = (
				6BEE09FC19870A1900D73B41 /* Debug */,
				6BEE09FD19870A1900D73B41 /* Release */,
			);
			defaultConfigurationIsVisible = 0;
			defaultConfigurationName = Release;
		};
/* End XCConfigurationList section */
	};
	rootObject = 6BEE09E219870A1800D73B41 /* Project object */;
}
