// !$*UTF8*$!
{
	archiveVersion = 1;
	classes = {
	};
	objectVersion = 46;
	objects = {

/* Begin PBXBuildFile section */
		6B168AF819ABBCD20040751B /* BKDeltaCalculator.m in Sources */ = {isa = PBXBuildFile; fileRef = 6B168AF719ABBCD20040751B /* BKDeltaCalculator.m */; };
		6BEE09EE19870A1800D73B41 /* BKDeltaCalculator.h in CopyFiles */ = {isa = PBXBuildFile; fileRef = 6BEE09ED19870A1800D73B41 /* BKDeltaCalculator.h */; };
/* End PBXBuildFile section */

/* Begin PBXCopyFilesBuildPhase section */
		6BEE09E819870A1800D73B41 /* CopyFiles */ = {
			isa = PBXCopyFilesBuildPhase;
			buildActionMask = 2147483647;
			dstPath = "include/$(PRODUCT_NAME)";
			dstSubfolderSpec = 16;
			files = (
				6BEE09EE19870A1800D73B41 /* BKDeltaCalculator.h in CopyFiles */,
			);
			runOnlyForDeploymentPostprocessing = 0;
		};
/* End PBXCopyFilesBuildPhase section */

/* Begin PBXFileReference section */
		6B168AF719ABBCD20040751B /* BKDeltaCalculator.m */ = {isa = PBXFileReference; fileEncoding = 4; lastKnownFileType = sourcecode.c.objc; path = BKDeltaCalculator.m; sourceTree = "<group>"; };
		6BEE09EA19870A1800D73B41 /* libBKDeltaCalculator.a */ = {isa = PBXFileReference; explicitFileType = archive.ar; includeInIndex = 0; path = libBKDeltaCalculator.a; sourceTree = BUILT_PRODUCTS_DIR; };
		6BEE09ED19870A1800D73B41 /* BKDeltaCalculator.h */ = {isa = PBXFileReference; lastKnownFileType = sourcecode.c.h; path = BKDeltaCalculator.h; sourceTree = "<group>"; };
/* End PBXFileReference section */

/* Begin PBXFrameworksBuildPhase section */
		6BEE09E719870A1800D73B41 /* Frameworks */ = {
			isa = PBXFrameworksBuildPhase;
			buildActionMask = 2147483647;
			files = (
			);
			runOnlyForDeploymentPostprocessing = 0;
		};
/* End PBXFrameworksBuildPhase section */

/* Begin PBXGroup section */
		6BEE09E119870A1800D73B41 = {
			isa = PBXGroup;
			children = (
				6BEE09EC19870A1800D73B41 /* BKDeltaCalculator */,
				6BEE09EB19870A1800D73B41 /* Products */,
			);
			sourceTree = "<group>";
		};
		6BEE09EB19870A1800D73B41 /* Products */ = {
			isa = PBXGroup;
			children = (
				6BEE09EA19870A1800D73B41 /* libBKDeltaCalculator.a */,
			);
			name = Products;
			sourceTree = "<group>";
		};
		6BEE09EC19870A1800D73B41 /* BKDeltaCalculator */ = {
			isa = PBXGroup;
			children = (
				6BEE09ED19870A1800D73B41 /* BKDeltaCalculator.h */,
				6B168AF719ABBCD20040751B /* BKDeltaCalculator.m */,
			);
			path = BKDeltaCalculator;
			sourceTree = "<group>";
		};
/* End PBXGroup section */

/* Begin PBXNativeTarget section */
		6BEE09E919870A1800D73B41 /* BKDeltaCalculator */ = {
			isa = PBXNativeTarget;
			buildConfigurationList = 6BEE09FE19870A1900D73B41 /* Build configuration list for PBXNativeTarget "BKDeltaCalculator" */;
			buildPhases = (
				6BEE09E619870A1800D73B41 /* Sources */,
				6BEE09E719870A1800D73B41 /* Frameworks */,
				6BEE09E819870A1800D73B41 /* CopyFiles */,
			);
			buildRules = (
			);
			dependencies = (
			);
			name = BKDeltaCalculator;
			productName = BKDeltaCalculator;
			productReference = 6BEE09EA19870A1800D73B41 /* libBKDeltaCalculator.a */;
			productType = "com.apple.product-type.library.static";
		};
/* End PBXNativeTarget section */

/* Begin PBXProject section */
		6BEE09E219870A1800D73B41 /* Project object */ = {
			isa = PBXProject;
			attributes = {
				LastUpgradeCheck = 0600;
				ORGANIZATIONNAME = "650 Industries, Inc.";
				TargetAttributes = {
					6BEE09E919870A1800D73B41 = {
						CreatedOnToolsVersion = 6.0;
					};
				};
			};
			buildConfigurationList = 6BEE09E519870A1800D73B41 /* Build configuration list for PBXProject "BKDeltaCalculator" */;
			compatibilityVersion = "Xcode 3.2";
			developmentRegion = English;
			hasScannedForEncodings = 0;
			knownRegions = (
				en,
			);
			mainGroup = 6BEE09E119870A1800D73B41;
			productRefGroup = 6BEE09EB19870A1800D73B41 /* Products */;
			projectDirPath = "";
			projectRoot = "";
			targets = (
				6BEE09E919870A1800D73B41 /* BKDeltaCalculator */,
			);
		};
/* End PBXProject section */

/* Begin PBXSourcesBuildPhase section */
		6BEE09E619870A1800D73B41 /* Sources */ = {
			isa = PBXSourcesBuildPhase;
			buildActionMask = 2147483647;
			files = (
				6B168AF819ABBCD20040751B /* BKDeltaCalculator.m in Sources */,
			);
			runOnlyForDeploymentPostprocessing = 0;
		};
/* End PBXSourcesBuildPhase section */

/* Begin XCBuildConfiguration section */
		6BEE09FC19870A1900D73B41 /* Debug */ = {
			isa = XCBuildConfiguration;
			buildSettings = {
				ALWAYS_SEARCH_USER_PATHS = NO;
				CLANG_CXX_LANGUAGE_STANDARD = "gnu++0x";
				CLANG_CXX_LIBRARY = "libc++";
				CLANG_ENABLE_MODULES = YES;
				CLANG_ENABLE_OBJC_ARC = YES;
				CLANG_WARN_BOOL_CONVERSION = YES;
				CLANG_WARN_CONSTANT_CONVERSION = YES;
				CLANG_WARN_DIRECT_OBJC_ISA_USAGE = YES_ERROR;
				CLANG_WARN_EMPTY_BODY = YES;
				CLANG_WARN_ENUM_CONVERSION = YES;
				CLANG_WARN_INT_CONVERSION = YES;
				CLANG_WARN_OBJC_ROOT_CLASS = YES_ERROR;
				CLANG_WARN_UNREACHABLE_CODE = YES;
				CLANG_WARN__DUPLICATE_METHOD_MATCH = YES;
				COPY_PHASE_STRIP = NO;
				ENABLE_STRICT_OBJC_MSGSEND = YES;
				GCC_C_LANGUAGE_STANDARD = gnu99;
				GCC_DYNAMIC_NO_PIC = NO;
				GCC_OPTIMIZATION_LEVEL = 0;
				GCC_PREPROCESSOR_DEFINITIONS = (
					"DEBUG=1",
					"$(inherited)",
				);
				GCC_SYMBOLS_PRIVATE_EXTERN = NO;
				GCC_WARN_64_TO_32_BIT_CONVERSION = YES;
				GCC_WARN_ABOUT_RETURN_TYPE = YES_ERROR;
				GCC_WARN_UNDECLARED_SELECTOR = YES;
				GCC_WARN_UNINITIALIZED_AUTOS = YES_AGGRESSIVE;
				GCC_WARN_UNUSED_FUNCTION = YES;
				GCC_WARN_UNUSED_VARIABLE = YES;
				IPHONEOS_DEPLOYMENT_TARGET = 7.0;
				MTL_ENABLE_DEBUG_INFO = YES;
				ONLY_ACTIVE_ARCH = YES;
				SDKROOT = iphoneos;
			};
			name = Debug;
		};
		6BEE09FD19870A1900D73B41 /* Release */ = {
			isa = XCBuildConfiguration;
			buildSettings = {
				ALWAYS_SEARCH_USER_PATHS = NO;
				CLANG_CXX_LANGUAGE_STANDARD = "gnu++0x";
				CLANG_CXX_LIBRARY = "libc++";
				CLANG_ENABLE_MODULES = YES;
				CLANG_ENABLE_OBJC_ARC = YES;
				CLANG_WARN_BOOL_CONVERSION = YES;
				CLANG_WARN_CONSTANT_CONVERSION = YES;
				CLANG_WARN_DIRECT_OBJC_ISA_USAGE = YES_ERROR;
				CLANG_WARN_EMPTY_BODY = YES;
				CLANG_WARN_ENUM_CONVERSION = YES;
				CLANG_WARN_INT_CONVERSION = YES;
				CLANG_WARN_OBJC_ROOT_CLASS = YES_ERROR;
				CLANG_WARN_UNREACHABLE_CODE = YES;
				CLANG_WARN__DUPLICATE_METHOD_MATCH = YES;
				COPY_PHASE_STRIP = YES;
				ENABLE_NS_ASSERTIONS = NO;
				ENABLE_STRICT_OBJC_MSGSEND = YES;
				GCC_C_LANGUAGE_STANDARD = gnu99;
				GCC_WARN_64_TO_32_BIT_CONVERSION = YES;
				GCC_WARN_ABOUT_RETURN_TYPE = YES_ERROR;
				GCC_WARN_UNDECLARED_SELECTOR = YES;
				GCC_WARN_UNINITIALIZED_AUTOS = YES_AGGRESSIVE;
				GCC_WARN_UNUSED_FUNCTION = YES;
				GCC_WARN_UNUSED_VARIABLE = YES;
				IPHONEOS_DEPLOYMENT_TARGET = 7.0;
				MTL_ENABLE_DEBUG_INFO = NO;
				SDKROOT = iphoneos;
				VALIDATE_PRODUCT = YES;
			};
			name = Release;
		};
		6BEE09FF19870A1900D73B41 /* Debug */ = {
			isa = XCBuildConfiguration;
			buildSettings = {
				OTHER_LDFLAGS = "-ObjC";
				PRODUCT_NAME = "$(TARGET_NAME)";
				SKIP_INSTALL = YES;
			};
			name = Debug;
		};
		6BEE0A0019870A1900D73B41 /* Release */ = {
			isa = XCBuildConfiguration;
			buildSettings = {
				OTHER_LDFLAGS = "-ObjC";
				PRODUCT_NAME = "$(TARGET_NAME)";
				SKIP_INSTALL = YES;
			};
			name = Release;
		};
/* End XCBuildConfiguration section */

/* Begin XCConfigurationList section */
		6BEE09E519870A1800D73B41 /* Build configuration list for PBXProject "BKDeltaCalculator" */ = {
			isa = XCConfigurationList;
			buildConfigurations = (
				6BEE09FC19870A1900D73B41 /* Debug */,
				6BEE09FD19870A1900D73B41 /* Release */,
			);
			defaultConfigurationIsVisible = 0;
			defaultConfigurationName = Release;
		};
		6BEE09FE19870A1900D73B41 /* Build configuration list for PBXNativeTarget "BKDeltaCalculator" */ = {
			isa = XCConfigurationList;
			buildConfigurations = (
				6BEE09FF19870A1900D73B41 /* Debug */,
				6BEE0A0019870A1900D73B41 /* Release */,
			);
			defaultConfigurationIsVisible = 0;
			defaultConfigurationName = Release;
		};
/* End XCConfigurationList section */
	};
	rootObject = 6BEE09E219870A1800D73B41 /* Project object */;
}
